
Microsoft Visual Studio Solution File, Format Version 12.00
# Visual Studio Version 17
VisualStudioVersion = 17.1.32319.34
MinimumVisualStudioVersion = 10.0.40219.1
Project("{9A19103F-16F7-4668-BE54-9A1E7A4F7556}") = "IdentityServer", "IdentityServer\IdentityServer.csproj", "{418F81B8-D4FD-4194-86B8-A44D09EDA217}"
EndProject
Project("{9A19103F-16F7-4668-BE54-9A1E7A4F7556}") = "Api", "Api\Api.csproj", "{5CB3D659-5C4A-4CCF-AE78-8A651206696F}"
EndProject
Project("{9A19103F-16F7-4668-BE54-9A1E7A4F7556}") = "WebClient", "WebClient\WebClient.csproj", "{EC83437E-4E95-4C91-B4E5-E3F287035905}"
EndProject
Project("{FAE04EC0-301F-11D3-BF4B-00C04F79EFBC}") = "RiskAssessment", "RiskAssessment\RiskAssessment.csproj", "{CFE0925A-3728-4C83-BCCF-117743832CB7}"
EndProject
Global
	GlobalSection(SolutionConfigurationPlatforms) = preSolution
		Debug|Any CPU = Debug|Any CPU
		Release|Any CPU = Release|Any CPU
	EndGlobalSection
	GlobalSection(ProjectConfigurationPlatforms) = postSolution
		{418F81B8-D4FD-4194-86B8-A44D09EDA217}.Debug|Any CPU.ActiveCfg = Debug|Any CPU
		{418F81B8-D4FD-4194-86B8-A44D09EDA217}.Debug|Any CPU.Build.0 = Debug|Any CPU
		{418F81B8-D4FD-4194-86B8-A44D09EDA217}.Release|Any CPU.ActiveCfg = Release|Any CPU
		{418F81B8-D4FD-4194-86B8-A44D09EDA217}.Release|Any CPU.Build.0 = Release|Any CPU
		{5CB3D659-5C4A-4CCF-AE78-8A651206696F}.Debug|Any CPU.ActiveCfg = Debug|Any CPU
		{5CB3D659-5C4A-4CCF-AE78-8A651206696F}.Debug|Any CPU.Build.0 = Debug|Any CPU
		{5CB3D659-5C4A-4CCF-AE78-8A651206696F}.Release|Any CPU.ActiveCfg = Release|Any CPU
		{5CB3D659-5C4A-4CCF-AE78-8A651206696F}.Release|Any CPU.Build.0 = Release|Any CPU
		{EC83437E-4E95-4C91-B4E5-E3F287035905}.Debug|Any CPU.ActiveCfg = Debug|Any CPU
		{EC83437E-4E95-4C91-B4E5-E3F287035905}.Debug|Any CPU.Build.0 = Debug|Any CPU
		{EC83437E-4E95-4C91-B4E5-E3F287035905}.Release|Any CPU.ActiveCfg = Release|Any CPU
		{EC83437E-4E95-4C91-B4E5-E3F287035905}.Release|Any CPU.Build.0 = Release|Any CPU
		{CFE0925A-3728-4C83-BCCF-117743832CB7}.Debug|Any CPU.ActiveCfg = Debug|Any CPU
		{CFE0925A-3728-4C83-BCCF-117743832CB7}.Debug|Any CPU.Build.0 = Debug|Any CPU
		{CFE0925A-3728-4C83-BCCF-117743832CB7}.Release|Any CPU.ActiveCfg = Release|Any CPU
		{CFE0925A-3728-4C83-BCCF-117743832CB7}.Release|Any CPU.Build.0 = Release|Any CPU
	EndGlobalSection
	GlobalSection(SolutionProperties) = preSolution
		HideSolutionNode = FALSE
	EndGlobalSection
	GlobalSection(ExtensibilityGlobals) = postSolution
		SolutionGuid = {26D1D4D6-ED69-460C-8E51-9BA9EC86ABA2}
	EndGlobalSection
EndGlobal
